// !$*UTF8*$!
{
	archiveVersion = 1;
	classes = {
	};
	objectVersion = 56;
	objects = {

/* Begin PBXBuildFile section */
		E7393E6928ED195100ABB06C /* Platzi_iOSApp.swift in Sources */ = {isa = PBXBuildFile; fileRef = E7393E6828ED195100ABB06C /* Platzi_iOSApp.swift */; };
		E7393E6B28ED195100ABB06C /* ContentView.swift in Sources */ = {isa = PBXBuildFile; fileRef = E7393E6A28ED195100ABB06C /* ContentView.swift */; };
		E7393E6D28ED195300ABB06C /* Assets.xcassets in Resources */ = {isa = PBXBuildFile; fileRef = E7393E6C28ED195300ABB06C /* Assets.xcassets */; };
		E7393E7028ED195300ABB06C /* Preview Assets.xcassets in Resources */ = {isa = PBXBuildFile; fileRef = E7393E6F28ED195300ABB06C /* Preview Assets.xcassets */; };
		E7393E7A28ED195300ABB06C /* Platzi_iOSTests.swift in Sources */ = {isa = PBXBuildFile; fileRef = E7393E7928ED195300ABB06C /* Platzi_iOSTests.swift */; };
		E7393E8428ED195300ABB06C /* Platzi_iOSUITests.swift in Sources */ = {isa = PBXBuildFile; fileRef = E7393E8328ED195300ABB06C /* Platzi_iOSUITests.swift */; };
		E7393E8628ED195300ABB06C /* Platzi_iOSUITestsLaunchTests.swift in Sources */ = {isa = PBXBuildFile; fileRef = E7393E8528ED195300ABB06C /* Platzi_iOSUITestsLaunchTests.swift */; };
		E7393E9328ED198000ABB06C /* TextoModificadores.swift in Sources */ = {isa = PBXBuildFile; fileRef = E7393E9228ED198000ABB06C /* TextoModificadores.swift */; };
		E7393E9528ED1E5E00ABB06C /* Botones.swift in Sources */ = {isa = PBXBuildFile; fileRef = E7393E9428ED1E5E00ABB06C /* Botones.swift */; };
		E7393E9728ED22C800ABB06C /* Imagenes.swift in Sources */ = {isa = PBXBuildFile; fileRef = E7393E9628ED22C800ABB06C /* Imagenes.swift */; };
		E7D172DD28EDC4B400F2450E /* CamposDeTexto.swift in Sources */ = {isa = PBXBuildFile; fileRef = E7D172DC28EDC4B400F2450E /* CamposDeTexto.swift */; };
		E7D172DF28EDCE0F00F2450E /* Divisores.swift in Sources */ = {isa = PBXBuildFile; fileRef = E7D172DE28EDCE0F00F2450E /* Divisores.swift */; };
/* End PBXBuildFile section */

/* Begin PBXContainerItemProxy section */
		E7393E7628ED195300ABB06C /* PBXContainerItemProxy */ = {
			isa = PBXContainerItemProxy;
			containerPortal = E7393E5D28ED195100ABB06C /* Project object */;
			proxyType = 1;
			remoteGlobalIDString = E7393E6428ED195100ABB06C;
			remoteInfo = "Platzi-iOS";
		};
		E7393E8028ED195300ABB06C /* PBXContainerItemProxy */ = {
			isa = PBXContainerItemProxy;
			containerPortal = E7393E5D28ED195100ABB06C /* Project object */;
			proxyType = 1;
			remoteGlobalIDString = E7393E6428ED195100ABB06C;
			remoteInfo = "Platzi-iOS";
		};
/* End PBXContainerItemProxy section */

/* Begin PBXFileReference section */
		E7393E6528ED195100ABB06C /* Platzi-iOS.app */ = {isa = PBXFileReference; explicitFileType = wrapper.application; includeInIndex = 0; path = "Platzi-iOS.app"; sourceTree = BUILT_PRODUCTS_DIR; };
		E7393E6828ED195100ABB06C /* Platzi_iOSApp.swift */ = {isa = PBXFileReference; lastKnownFileType = sourcecode.swift; path = Platzi_iOSApp.swift; sourceTree = "<group>"; };
		E7393E6A28ED195100ABB06C /* ContentView.swift */ = {isa = PBXFileReference; lastKnownFileType = sourcecode.swift; path = ContentView.swift; sourceTree = "<group>"; };
		E7393E6C28ED195300ABB06C /* Assets.xcassets */ = {isa = PBXFileReference; lastKnownFileType = folder.assetcatalog; path = Assets.xcassets; sourceTree = "<group>"; };
		E7393E6F28ED195300ABB06C /* Preview Assets.xcassets */ = {isa = PBXFileReference; lastKnownFileType = folder.assetcatalog; path = "Preview Assets.xcassets"; sourceTree = "<group>"; };
		E7393E7528ED195300ABB06C /* Platzi-iOSTests.xctest */ = {isa = PBXFileReference; explicitFileType = wrapper.cfbundle; includeInIndex = 0; path = "Platzi-iOSTests.xctest"; sourceTree = BUILT_PRODUCTS_DIR; };
		E7393E7928ED195300ABB06C /* Platzi_iOSTests.swift */ = {isa = PBXFileReference; lastKnownFileType = sourcecode.swift; path = Platzi_iOSTests.swift; sourceTree = "<group>"; };
		E7393E7F28ED195300ABB06C /* Platzi-iOSUITests.xctest */ = {isa = PBXFileReference; explicitFileType = wrapper.cfbundle; includeInIndex = 0; path = "Platzi-iOSUITests.xctest"; sourceTree = BUILT_PRODUCTS_DIR; };
		E7393E8328ED195300ABB06C /* Platzi_iOSUITests.swift */ = {isa = PBXFileReference; lastKnownFileType = sourcecode.swift; path = Platzi_iOSUITests.swift; sourceTree = "<group>"; };
		E7393E8528ED195300ABB06C /* Platzi_iOSUITestsLaunchTests.swift */ = {isa = PBXFileReference; lastKnownFileType = sourcecode.swift; path = Platzi_iOSUITestsLaunchTests.swift; sourceTree = "<group>"; };
		E7393E9228ED198000ABB06C /* TextoModificadores.swift */ = {isa = PBXFileReference; lastKnownFileType = sourcecode.swift; path = TextoModificadores.swift; sourceTree = "<group>"; };
		E7393E9428ED1E5E00ABB06C /* Botones.swift */ = {isa = PBXFileReference; lastKnownFileType = sourcecode.swift; path = Botones.swift; sourceTree = "<group>"; };
		E7393E9628ED22C800ABB06C /* Imagenes.swift */ = {isa = PBXFileReference; lastKnownFileType = sourcecode.swift; path = Imagenes.swift; sourceTree = "<group>"; };
		E7D172DC28EDC4B400F2450E /* CamposDeTexto.swift */ = {isa = PBXFileReference; lastKnownFileType = sourcecode.swift; path = CamposDeTexto.swift; sourceTree = "<group>"; };
		E7D172DE28EDCE0F00F2450E /* Divisores.swift */ = {isa = PBXFileReference; lastKnownFileType = sourcecode.swift; path = Divisores.swift; sourceTree = "<group>"; };
/* End PBXFileReference section */

/* Begin PBXFrameworksBuildPhase section */
		E7393E6228ED195100ABB06C /* Frameworks */ = {
			isa = PBXFrameworksBuildPhase;
			buildActionMask = 2147483647;
			files = (
			);
			runOnlyForDeploymentPostprocessing = 0;
		};
		E7393E7228ED195300ABB06C /* Frameworks */ = {
			isa = PBXFrameworksBuildPhase;
			buildActionMask = 2147483647;
			files = (
			);
			runOnlyForDeploymentPostprocessing = 0;
		};
		E7393E7C28ED195300ABB06C /* Frameworks */ = {
			isa = PBXFrameworksBuildPhase;
			buildActionMask = 2147483647;
			files = (
			);
			runOnlyForDeploymentPostprocessing = 0;
		};
/* End PBXFrameworksBuildPhase section */

/* Begin PBXGroup section */
		E7393E5C28ED195100ABB06C = {
			isa = PBXGroup;
			children = (
				E7393E6728ED195100ABB06C /* Platzi-iOS */,
				E7393E7828ED195300ABB06C /* Platzi-iOSTests */,
				E7393E8228ED195300ABB06C /* Platzi-iOSUITests */,
				E7393E6628ED195100ABB06C /* Products */,
			);
			sourceTree = "<group>";
		};
		E7393E6628ED195100ABB06C /* Products */ = {
			isa = PBXGroup;
			children = (
				E7393E6528ED195100ABB06C /* Platzi-iOS.app */,
				E7393E7528ED195300ABB06C /* Platzi-iOSTests.xctest */,
				E7393E7F28ED195300ABB06C /* Platzi-iOSUITests.xctest */,
			);
			name = Products;
			sourceTree = "<group>";
		};
		E7393E6728ED195100ABB06C /* Platzi-iOS */ = {
			isa = PBXGroup;
			children = (
				E7393E6828ED195100ABB06C /* Platzi_iOSApp.swift */,
				E7393E6A28ED195100ABB06C /* ContentView.swift */,
				E7393E6C28ED195300ABB06C /* Assets.xcassets */,
				E7393E6E28ED195300ABB06C /* Preview Content */,
				E7393E9228ED198000ABB06C /* TextoModificadores.swift */,
				E7393E9428ED1E5E00ABB06C /* Botones.swift */,
				E7393E9628ED22C800ABB06C /* Imagenes.swift */,
				E7D172DC28EDC4B400F2450E /* CamposDeTexto.swift */,
				E7D172DE28EDCE0F00F2450E /* Divisores.swift */,
			);
			path = "Platzi-iOS";
			sourceTree = "<group>";
		};
		E7393E6E28ED195300ABB06C /* Preview Content */ = {
			isa = PBXGroup;
			children = (
				E7393E6F28ED195300ABB06C /* Preview Assets.xcassets */,
			);
			path = "Preview Content";
			sourceTree = "<group>";
		};
		E7393E7828ED195300ABB06C /* Platzi-iOSTests */ = {
			isa = PBXGroup;
			children = (
				E7393E7928ED195300ABB06C /* Platzi_iOSTests.swift */,
			);
			path = "Platzi-iOSTests";
			sourceTree = "<group>";
		};
		E7393E8228ED195300ABB06C /* Platzi-iOSUITests */ = {
			isa = PBXGroup;
			children = (
				E7393E8328ED195300ABB06C /* Platzi_iOSUITests.swift */,
				E7393E8528ED195300ABB06C /* Platzi_iOSUITestsLaunchTests.swift */,
			);
			path = "Platzi-iOSUITests";
			sourceTree = "<group>";
		};
/* End PBXGroup section */

/* Begin PBXNativeTarget section */
		E7393E6428ED195100ABB06C /* Platzi-iOS */ = {
			isa = PBXNativeTarget;
			buildConfigurationList = E7393E8928ED195300ABB06C /* Build configuration list for PBXNativeTarget "Platzi-iOS" */;
			buildPhases = (
				E7393E6128ED195100ABB06C /* Sources */,
				E7393E6228ED195100ABB06C /* Frameworks */,
				E7393E6328ED195100ABB06C /* Resources */,
			);
			buildRules = (
			);
			dependencies = (
			);
			name = "Platzi-iOS";
			productName = "Platzi-iOS";
			productReference = E7393E6528ED195100ABB06C /* Platzi-iOS.app */;
			productType = "com.apple.product-type.application";
		};
		E7393E7428ED195300ABB06C /* Platzi-iOSTests */ = {
			isa = PBXNativeTarget;
			buildConfigurationList = E7393E8C28ED195300ABB06C /* Build configuration list for PBXNativeTarget "Platzi-iOSTests" */;
			buildPhases = (
				E7393E7128ED195300ABB06C /* Sources */,
				E7393E7228ED195300ABB06C /* Frameworks */,
				E7393E7328ED195300ABB06C /* Resources */,
			);
			buildRules = (
			);
			dependencies = (
				E7393E7728ED195300ABB06C /* PBXTargetDependency */,
			);
			name = "Platzi-iOSTests";
			productName = "Platzi-iOSTests";
			productReference = E7393E7528ED195300ABB06C /* Platzi-iOSTests.xctest */;
			productType = "com.apple.product-type.bundle.unit-test";
		};
		E7393E7E28ED195300ABB06C /* Platzi-iOSUITests */ = {
			isa = PBXNativeTarget;
			buildConfigurationList = E7393E8F28ED195300ABB06C /* Build configuration list for PBXNativeTarget "Platzi-iOSUITests" */;
			buildPhases = (
				E7393E7B28ED195300ABB06C /* Sources */,
				E7393E7C28ED195300ABB06C /* Frameworks */,
				E7393E7D28ED195300ABB06C /* Resources */,
			);
			buildRules = (
			);
			dependencies = (
				E7393E8128ED195300ABB06C /* PBXTargetDependency */,
			);
			name = "Platzi-iOSUITests";
			productName = "Platzi-iOSUITests";
			productReference = E7393E7F28ED195300ABB06C /* Platzi-iOSUITests.xctest */;
			productType = "com.apple.product-type.bundle.ui-testing";
		};
/* End PBXNativeTarget section */

/* Begin PBXProject section */
		E7393E5D28ED195100ABB06C /* Project object */ = {
			isa = PBXProject;
			attributes = {
				BuildIndependentTargetsInParallel = 1;
				LastSwiftUpdateCheck = 1400;
				LastUpgradeCheck = 1400;
				TargetAttributes = {
					E7393E6428ED195100ABB06C = {
						CreatedOnToolsVersion = 14.0.1;
					};
					E7393E7428ED195300ABB06C = {
						CreatedOnToolsVersion = 14.0.1;
						TestTargetID = E7393E6428ED195100ABB06C;
					};
					E7393E7E28ED195300ABB06C = {
						CreatedOnToolsVersion = 14.0.1;
						TestTargetID = E7393E6428ED195100ABB06C;
					};
				};
			};
			buildConfigurationList = E7393E6028ED195100ABB06C /* Build configuration list for PBXProject "Platzi-iOS" */;
			compatibilityVersion = "Xcode 14.0";
			developmentRegion = en;
			hasScannedForEncodings = 0;
			knownRegions = (
				en,
				Base,
			);
			mainGroup = E7393E5C28ED195100ABB06C;
			productRefGroup = E7393E6628ED195100ABB06C /* Products */;
			projectDirPath = "";
			projectRoot = "";
			targets = (
				E7393E6428ED195100ABB06C /* Platzi-iOS */,
				E7393E7428ED195300ABB06C /* Platzi-iOSTests */,
				E7393E7E28ED195300ABB06C /* Platzi-iOSUITests */,
			);
		};
/* End PBXProject section */

/* Begin PBXResourcesBuildPhase section */
		E7393E6328ED195100ABB06C /* Resources */ = {
			isa = PBXResourcesBuildPhase;
			buildActionMask = 2147483647;
			files = (
				E7393E7028ED195300ABB06C /* Preview Assets.xcassets in Resources */,
				E7393E6D28ED195300ABB06C /* Assets.xcassets in Resources */,
			);
			runOnlyForDeploymentPostprocessing = 0;
		};
		E7393E7328ED195300ABB06C /* Resources */ = {
			isa = PBXResourcesBuildPhase;
			buildActionMask = 2147483647;
			files = (
			);
			runOnlyForDeploymentPostprocessing = 0;
		};
		E7393E7D28ED195300ABB06C /* Resources */ = {
			isa = PBXResourcesBuildPhase;
			buildActionMask = 2147483647;
			files = (
			);
			runOnlyForDeploymentPostprocessing = 0;
		};
/* End PBXResourcesBuildPhase section */

/* Begin PBXSourcesBuildPhase section */
		E7393E6128ED195100ABB06C /* Sources */ = {
			isa = PBXSourcesBuildPhase;
			buildActionMask = 2147483647;
			files = (
				E7D172DD28EDC4B400F2450E /* CamposDeTexto.swift in Sources */,
				E7393E9328ED198000ABB06C /* TextoModificadores.swift in Sources */,
				E7393E9728ED22C800ABB06C /* Imagenes.swift in Sources */,
				E7393E6B28ED195100ABB06C /* ContentView.swift in Sources */,
				E7393E9528ED1E5E00ABB06C /* Botones.swift in Sources */,
				E7D172DF28EDCE0F00F2450E /* Divisores.swift in Sources */,
				E7393E6928ED195100ABB06C /* Platzi_iOSApp.swift in Sources */,
			);
			runOnlyForDeploymentPostprocessing = 0;
		};
		E7393E7128ED195300ABB06C /* Sources */ = {
			isa = PBXSourcesBuildPhase;
			buildActionMask = 2147483647;
			files = (
				E7393E7A28ED195300ABB06C /* Platzi_iOSTests.swift in Sources */,
			);
			runOnlyForDeploymentPostprocessing = 0;
		};
		E7393E7B28ED195300ABB06C /* Sources */ = {
			isa = PBXSourcesBuildPhase;
			buildActionMask = 2147483647;
			files = (
				E7393E8628ED195300ABB06C /* Platzi_iOSUITestsLaunchTests.swift in Sources */,
				E7393E8428ED195300ABB06C /* Platzi_iOSUITests.swift in Sources */,
			);
			runOnlyForDeploymentPostprocessing = 0;
		};
/* End PBXSourcesBuildPhase section */

/* Begin PBXTargetDependency section */
		E7393E7728ED195300ABB06C /* PBXTargetDependency */ = {
			isa = PBXTargetDependency;
			target = E7393E6428ED195100ABB06C /* Platzi-iOS */;
			targetProxy = E7393E7628ED195300ABB06C /* PBXContainerItemProxy */;
		};
		E7393E8128ED195300ABB06C /* PBXTargetDependency */ = {
			isa = PBXTargetDependency;
			target = E7393E6428ED195100ABB06C /* Platzi-iOS */;
			targetProxy = E7393E8028ED195300ABB06C /* PBXContainerItemProxy */;
		};
/* End PBXTargetDependency section */

/* Begin XCBuildConfiguration section */
		E7393E8728ED195300ABB06C /* Debug */ = {
			isa = XCBuildConfiguration;
			buildSettings = {
				ALWAYS_SEARCH_USER_PATHS = NO;
				CLANG_ANALYZER_NONNULL = YES;
				CLANG_ANALYZER_NUMBER_OBJECT_CONVERSION = YES_AGGRESSIVE;
				CLANG_CXX_LANGUAGE_STANDARD = "gnu++20";
				CLANG_ENABLE_MODULES = YES;
				CLANG_ENABLE_OBJC_ARC = YES;
				CLANG_ENABLE_OBJC_WEAK = YES;
				CLANG_WARN_BLOCK_CAPTURE_AUTORELEASING = YES;
				CLANG_WARN_BOOL_CONVERSION = YES;
				CLANG_WARN_COMMA = YES;
				CLANG_WARN_CONSTANT_CONVERSION = YES;
				CLANG_WARN_DEPRECATED_OBJC_IMPLEMENTATIONS = YES;
				CLANG_WARN_DIRECT_OBJC_ISA_USAGE = YES_ERROR;
				CLANG_WARN_DOCUMENTATION_COMMENTS = YES;
				CLANG_WARN_EMPTY_BODY = YES;
				CLANG_WARN_ENUM_CONVERSION = YES;
				CLANG_WARN_INFINITE_RECURSION = YES;
				CLANG_WARN_INT_CONVERSION = YES;
				CLANG_WARN_NON_LITERAL_NULL_CONVERSION = YES;
				CLANG_WARN_OBJC_IMPLICIT_RETAIN_SELF = YES;
				CLANG_WARN_OBJC_LITERAL_CONVERSION = YES;
				CLANG_WARN_OBJC_ROOT_CLASS = YES_ERROR;
				CLANG_WARN_QUOTED_INCLUDE_IN_FRAMEWORK_HEADER = YES;
				CLANG_WARN_RANGE_LOOP_ANALYSIS = YES;
				CLANG_WARN_STRICT_PROTOTYPES = YES;
				CLANG_WARN_SUSPICIOUS_MOVE = YES;
				CLANG_WARN_UNGUARDED_AVAILABILITY = YES_AGGRESSIVE;
				CLANG_WARN_UNREACHABLE_CODE = YES;
				CLANG_WARN__DUPLICATE_METHOD_MATCH = YES;
				COPY_PHASE_STRIP = NO;
				DEBUG_INFORMATION_FORMAT = dwarf;
				ENABLE_STRICT_OBJC_MSGSEND = YES;
				ENABLE_TESTABILITY = YES;
				GCC_C_LANGUAGE_STANDARD = gnu11;
				GCC_DYNAMIC_NO_PIC = NO;
				GCC_NO_COMMON_BLOCKS = YES;
				GCC_OPTIMIZATION_LEVEL = 0;
				GCC_PREPROCESSOR_DEFINITIONS = (
					"DEBUG=1",
					"$(inherited)",
				);
				GCC_WARN_64_TO_32_BIT_CONVERSION = YES;
				GCC_WARN_ABOUT_RETURN_TYPE = YES_ERROR;
				GCC_WARN_UNDECLARED_SELECTOR = YES;
				GCC_WARN_UNINITIALIZED_AUTOS = YES_AGGRESSIVE;
				GCC_WARN_UNUSED_FUNCTION = YES;
				GCC_WARN_UNUSED_VARIABLE = YES;
				IPHONEOS_DEPLOYMENT_TARGET = 16.0;
				MTL_ENABLE_DEBUG_INFO = INCLUDE_SOURCE;
				MTL_FAST_MATH = YES;
				ONLY_ACTIVE_ARCH = YES;
				SDKROOT = iphoneos;
				SWIFT_ACTIVE_COMPILATION_CONDITIONS = DEBUG;
				SWIFT_OPTIMIZATION_LEVEL = "-Onone";
			};
			name = Debug;
		};
		E7393E8828ED195300ABB06C /* Release */ = {
			isa = XCBuildConfiguration;
			buildSettings = {
				ALWAYS_SEARCH_USER_PATHS = NO;
				CLANG_ANALYZER_NONNULL = YES;
				CLANG_ANALYZER_NUMBER_OBJECT_CONVERSION = YES_AGGRESSIVE;
				CLANG_CXX_LANGUAGE_STANDARD = "gnu++20";
				CLANG_ENABLE_MODULES = YES;
				CLANG_ENABLE_OBJC_ARC = YES;
				CLANG_ENABLE_OBJC_WEAK = YES;
				CLANG_WARN_BLOCK_CAPTURE_AUTORELEASING = YES;
				CLANG_WARN_BOOL_CONVERSION = YES;
				CLANG_WARN_COMMA = YES;
				CLANG_WARN_CONSTANT_CONVERSION = YES;
				CLANG_WARN_DEPRECATED_OBJC_IMPLEMENTATIONS = YES;
				CLANG_WARN_DIRECT_OBJC_ISA_USAGE = YES_ERROR;
				CLANG_WARN_DOCUMENTATION_COMMENTS = YES;
				CLANG_WARN_EMPTY_BODY = YES;
				CLANG_WARN_ENUM_CONVERSION = YES;
				CLANG_WARN_INFINITE_RECURSION = YES;
				CLANG_WARN_INT_CONVERSION = YES;
				CLANG_WARN_NON_LITERAL_NULL_CONVERSION = YES;
				CLANG_WARN_OBJC_IMPLICIT_RETAIN_SELF = YES;
				CLANG_WARN_OBJC_LITERAL_CONVERSION = YES;
				CLANG_WARN_OBJC_ROOT_CLASS = YES_ERROR;
				CLANG_WARN_QUOTED_INCLUDE_IN_FRAMEWORK_HEADER = YES;
				CLANG_WARN_RANGE_LOOP_ANALYSIS = YES;
				CLANG_WARN_STRICT_PROTOTYPES = YES;
				CLANG_WARN_SUSPICIOUS_MOVE = YES;
				CLANG_WARN_UNGUARDED_AVAILABILITY = YES_AGGRESSIVE;
				CLANG_WARN_UNREACHABLE_CODE = YES;
				CLANG_WARN__DUPLICATE_METHOD_MATCH = YES;
				COPY_PHASE_STRIP = NO;
				DEBUG_INFORMATION_FORMAT = "dwarf-with-dsym";
				ENABLE_NS_ASSERTIONS = NO;
				ENABLE_STRICT_OBJC_MSGSEND = YES;
				GCC_C_LANGUAGE_STANDARD = gnu11;
				GCC_NO_COMMON_BLOCKS = YES;
				GCC_WARN_64_TO_32_BIT_CONVERSION = YES;
				GCC_WARN_ABOUT_RETURN_TYPE = YES_ERROR;
				GCC_WARN_UNDECLARED_SELECTOR = YES;
				GCC_WARN_UNINITIALIZED_AUTOS = YES_AGGRESSIVE;
				GCC_WARN_UNUSED_FUNCTION = YES;
				GCC_WARN_UNUSED_VARIABLE = YES;
				IPHONEOS_DEPLOYMENT_TARGET = 16.0;
				MTL_ENABLE_DEBUG_INFO = NO;
				MTL_FAST_MATH = YES;
				SDKROOT = iphoneos;
				SWIFT_COMPILATION_MODE = wholemodule;
				SWIFT_OPTIMIZATION_LEVEL = "-O";
				VALIDATE_PRODUCT = YES;
			};
			name = Release;
		};
		E7393E8A28ED195300ABB06C /* Debug */ = {
			isa = XCBuildConfiguration;
			buildSettings = {
				ASSETCATALOG_COMPILER_APPICON_NAME = AppIcon;
				ASSETCATALOG_COMPILER_GLOBAL_ACCENT_COLOR_NAME = AccentColor;
				CODE_SIGN_STYLE = Automatic;
				CURRENT_PROJECT_VERSION = 1;
				DEVELOPMENT_ASSET_PATHS = "\"Platzi-iOS/Preview Content\"";
				ENABLE_PREVIEWS = YES;
				GENERATE_INFOPLIST_FILE = YES;
				INFOPLIST_KEY_UIApplicationSceneManifest_Generation = YES;
				INFOPLIST_KEY_UIApplicationSupportsIndirectInputEvents = YES;
				INFOPLIST_KEY_UILaunchScreen_Generation = YES;
				INFOPLIST_KEY_UISupportedInterfaceOrientations_iPad = "UIInterfaceOrientationPortrait UIInterfaceOrientationPortraitUpsideDown UIInterfaceOrientationLandscapeLeft UIInterfaceOrientationLandscapeRight";
				INFOPLIST_KEY_UISupportedInterfaceOrientations_iPhone = "UIInterfaceOrientationPortrait UIInterfaceOrientationLandscapeLeft UIInterfaceOrientationLandscapeRight";
				LD_RUNPATH_SEARCH_PATHS = (
					"$(inherited)",
					"@executable_path/Frameworks",
				);
				MARKETING_VERSION = 1.0;
				PRODUCT_BUNDLE_IDENTIFIER = "dolman.Platzi-iOS";
				PRODUCT_NAME = "$(TARGET_NAME)";
				SWIFT_EMIT_LOC_STRINGS = YES;
				SWIFT_VERSION = 5.0;
				TARGETED_DEVICE_FAMILY = "1,2";
			};
			name = Debug;
		};
		E7393E8B28ED195300ABB06C /* Release */ = {
			isa = XCBuildConfiguration;
			buildSettings = {
				ASSETCATALOG_COMPILER_APPICON_NAME = AppIcon;
				ASSETCATALOG_COMPILER_GLOBAL_ACCENT_COLOR_NAME = AccentColor;
				CODE_SIGN_STYLE = Automatic;
				CURRENT_PROJECT_VERSION = 1;
				DEVELOPMENT_ASSET_PATHS = "\"Platzi-iOS/Preview Content\"";
				ENABLE_PREVIEWS = YES;
				GENERATE_INFOPLIST_FILE = YES;
				INFOPLIST_KEY_UIApplicationSceneManifest_Generation = YES;
				INFOPLIST_KEY_UIApplicationSupportsIndirectInputEvents = YES;
				INFOPLIST_KEY_UILaunchScreen_Generation = YES;
				INFOPLIST_KEY_UISupportedInterfaceOrientations_iPad = "UIInterfaceOrientationPortrait UIInterfaceOrientationPortraitUpsideDown UIInterfaceOrientationLandscapeLeft UIInterfaceOrientationLandscapeRight";
				INFOPLIST_KEY_UISupportedInterfaceOrientations_iPhone = "UIInterfaceOrientationPortrait UIInterfaceOrientationLandscapeLeft UIInterfaceOrientationLandscapeRight";
				LD_RUNPATH_SEARCH_PATHS = (
					"$(inherited)",
					"@executable_path/Frameworks",
				);
				MARKETING_VERSION = 1.0;
				PRODUCT_BUNDLE_IDENTIFIER = "dolman.Platzi-iOS";
				PRODUCT_NAME = "$(TARGET_NAME)";
				SWIFT_EMIT_LOC_STRINGS = YES;
				SWIFT_VERSION = 5.0;
				TARGETED_DEVICE_FAMILY = "1,2";
			};
			name = Release;
		};
		E7393E8D28ED195300ABB06C /* Debug */ = {
			isa = XCBuildConfiguration;
			buildSettings = {
				ALWAYS_EMBED_SWIFT_STANDARD_LIBRARIES = YES;
				BUNDLE_LOADER = "$(TEST_HOST)";
				CODE_SIGN_STYLE = Automatic;
				CURRENT_PROJECT_VERSION = 1;
				GENERATE_INFOPLIST_FILE = YES;
				IPHONEOS_DEPLOYMENT_TARGET = 16.0;
				MARKETING_VERSION = 1.0;
				PRODUCT_BUNDLE_IDENTIFIER = "dolman.Platzi-iOSTests";
				PRODUCT_NAME = "$(TARGET_NAME)";
				SWIFT_EMIT_LOC_STRINGS = NO;
				SWIFT_VERSION = 5.0;
				TARGETED_DEVICE_FAMILY = "1,2";
				TEST_HOST = "$(BUILT_PRODUCTS_DIR)/Platzi-iOS.app/$(BUNDLE_EXECUTABLE_FOLDER_PATH)/Platzi-iOS";
			};
			name = Debug;
		};
		E7393E8E28ED195300ABB06C /* Release */ = {
			isa = XCBuildConfiguration;
			buildSettings = {
				ALWAYS_EMBED_SWIFT_STANDARD_LIBRARIES = YES;
				BUNDLE_LOADER = "$(TEST_HOST)";
				CODE_SIGN_STYLE = Automatic;
				CURRENT_PROJECT_VERSION = 1;
				GENERATE_INFOPLIST_FILE = YES;
				IPHONEOS_DEPLOYMENT_TARGET = 16.0;
				MARKETING_VERSION = 1.0;
				PRODUCT_BUNDLE_IDENTIFIER = "dolman.Platzi-iOSTests";
				PRODUCT_NAME = "$(TARGET_NAME)";
				SWIFT_EMIT_LOC_STRINGS = NO;
				SWIFT_VERSION = 5.0;
				TARGETED_DEVICE_FAMILY = "1,2";
				TEST_HOST = "$(BUILT_PRODUCTS_DIR)/Platzi-iOS.app/$(BUNDLE_EXECUTABLE_FOLDER_PATH)/Platzi-iOS";
			};
			name = Release;
		};
		E7393E9028ED195300ABB06C /* Debug */ = {
			isa = XCBuildConfiguration;
			buildSettings = {
				ALWAYS_EMBED_SWIFT_STANDARD_LIBRARIES = YES;
				CODE_SIGN_STYLE = Automatic;
				CURRENT_PROJECT_VERSION = 1;
				GENERATE_INFOPLIST_FILE = YES;
				MARKETING_VERSION = 1.0;
				PRODUCT_BUNDLE_IDENTIFIER = "dolman.Platzi-iOSUITests";
				PRODUCT_NAME = "$(TARGET_NAME)";
				SWIFT_EMIT_LOC_STRINGS = NO;
				SWIFT_VERSION = 5.0;
				TARGETED_DEVICE_FAMILY = "1,2";
				TEST_TARGET_NAME = "Platzi-iOS";
			};
			name = Debug;
		};
		E7393E9128ED195300ABB06C /* Release */ = {
			isa = XCBuildConfiguration;
			buildSettings = {
				ALWAYS_EMBED_SWIFT_STANDARD_LIBRARIES = YES;
				CODE_SIGN_STYLE = Automatic;
				CURRENT_PROJECT_VERSION = 1;
				GENERATE_INFOPLIST_FILE = YES;
				MARKETING_VERSION = 1.0;
				PRODUCT_BUNDLE_IDENTIFIER = "dolman.Platzi-iOSUITests";
				PRODUCT_NAME = "$(TARGET_NAME)";
				SWIFT_EMIT_LOC_STRINGS = NO;
				SWIFT_VERSION = 5.0;
				TARGETED_DEVICE_FAMILY = "1,2";
				TEST_TARGET_NAME = "Platzi-iOS";
			};
			name = Release;
		};
/* End XCBuildConfiguration section */

/* Begin XCConfigurationList section */
		E7393E6028ED195100ABB06C /* Build configuration list for PBXProject "Platzi-iOS" */ = {
			isa = XCConfigurationList;
			buildConfigurations = (
				E7393E8728ED195300ABB06C /* Debug */,
				E7393E8828ED195300ABB06C /* Release */,
			);
			defaultConfigurationIsVisible = 0;
			defaultConfigurationName = Release;
		};
		E7393E8928ED195300ABB06C /* Build configuration list for PBXNativeTarget "Platzi-iOS" */ = {
			isa = XCConfigurationList;
			buildConfigurations = (
				E7393E8A28ED195300ABB06C /* Debug */,
				E7393E8B28ED195300ABB06C /* Release */,
			);
			defaultConfigurationIsVisible = 0;
			defaultConfigurationName = Release;
		};
		E7393E8C28ED195300ABB06C /* Build configuration list for PBXNativeTarget "Platzi-iOSTests" */ = {
			isa = XCConfigurationList;
			buildConfigurations = (
				E7393E8D28ED195300ABB06C /* Debug */,
				E7393E8E28ED195300ABB06C /* Release */,
			);
			defaultConfigurationIsVisible = 0;
			defaultConfigurationName = Release;
		};
		E7393E8F28ED195300ABB06C /* Build configuration list for PBXNativeTarget "Platzi-iOSUITests" */ = {
			isa = XCConfigurationList;
			buildConfigurations = (
				E7393E9028ED195300ABB06C /* Debug */,
				E7393E9128ED195300ABB06C /* Release */,
			);
			defaultConfigurationIsVisible = 0;
			defaultConfigurationName = Release;
		};
/* End XCConfigurationList section */
	};
	rootObject = E7393E5D28ED195100ABB06C /* Project object */;
}
